// !$*UTF8*$!
{
	archiveVersion = 1;
	classes = {
	};
	objectVersion = 56;
	objects = {

/* Begin PBXBuildFile section */
		8C0C6B692BCC8524001738DA /* Placemark.swift in Sources */ = {isa = PBXBuildFile; fileRef = 8C0C6B682BCC8524001738DA /* Placemark.swift */; };
		8C0C6B6B2BCD9D5A001738DA /* PollutantTheme.swift in Sources */ = {isa = PBXBuildFile; fileRef = 8C0C6B6A2BCD9D5A001738DA /* PollutantTheme.swift */; };
		8C0C6B6F2BCDC143001738DA /* PollutantCard.swift in Sources */ = {isa = PBXBuildFile; fileRef = 8C0C6B6E2BCDC143001738DA /* PollutantCard.swift */; };
		8C0C6B712BCDD906001738DA /* PollutantSubCard.swift in Sources */ = {isa = PBXBuildFile; fileRef = 8C0C6B702BCDD906001738DA /* PollutantSubCard.swift */; };
		8C0C6B742BD1D5C1001738DA /* CustomProgressViewStyling.swift in Sources */ = {isa = PBXBuildFile; fileRef = 8C0C6B732BD1D5C1001738DA /* CustomProgressViewStyling.swift */; };
		8C0C6B772BD22B32001738DA /* HeaderLine.swift in Sources */ = {isa = PBXBuildFile; fileRef = 8C0C6B762BD22B32001738DA /* HeaderLine.swift */; };
		8C0C6B792BD2312A001738DA /* Popover.swift in Sources */ = {isa = PBXBuildFile; fileRef = 8C0C6B782BD2312A001738DA /* Popover.swift */; };
		8C0C6B7B2BD23209001738DA /* PollutantDescription.swift in Sources */ = {isa = PBXBuildFile; fileRef = 8C0C6B7A2BD23209001738DA /* PollutantDescription.swift */; };
		8C0C6B7D2BD99076001738DA /* GaugeCard.swift in Sources */ = {isa = PBXBuildFile; fileRef = 8C0C6B7C2BD99076001738DA /* GaugeCard.swift */; };
		8C0C6B7F2BD99D99001738DA /* ActivitiesView.swift in Sources */ = {isa = PBXBuildFile; fileRef = 8C0C6B7E2BD99D99001738DA /* ActivitiesView.swift */; };
		8C0C6B812BD99F81001738DA /* MockHomeViewModel.swift in Sources */ = {isa = PBXBuildFile; fileRef = 8C0C6B802BD99F81001738DA /* MockHomeViewModel.swift */; };
		8C0C6B842BD9B339001738DA /* PlaceCard.swift in Sources */ = {isa = PBXBuildFile; fileRef = 8C0C6B832BD9B339001738DA /* PlaceCard.swift */; };
		8C3073F62BB89F350031D69E /* resources.txt in Resources */ = {isa = PBXBuildFile; fileRef = 8C3073F52BB89F350031D69E /* resources.txt */; };
		8C5CBFEF2BB38454004080B9 /* BreezyApp.swift in Sources */ = {isa = PBXBuildFile; fileRef = 8C5CBFEE2BB38454004080B9 /* BreezyApp.swift */; };
		8C5CBFF12BB38454004080B9 /* ContentView.swift in Sources */ = {isa = PBXBuildFile; fileRef = 8C5CBFF02BB38454004080B9 /* ContentView.swift */; };
		8C5CBFF32BB38456004080B9 /* Assets.xcassets in Resources */ = {isa = PBXBuildFile; fileRef = 8C5CBFF22BB38456004080B9 /* Assets.xcassets */; };
		8C5CBFF62BB38456004080B9 /* Preview Assets.xcassets in Resources */ = {isa = PBXBuildFile; fileRef = 8C5CBFF52BB38456004080B9 /* Preview Assets.xcassets */; };
		8C5CC0002BB38456004080B9 /* BreezyTests.swift in Sources */ = {isa = PBXBuildFile; fileRef = 8C5CBFFF2BB38456004080B9 /* BreezyTests.swift */; };
		8C5CC00A2BB38456004080B9 /* BreezyUITests.swift in Sources */ = {isa = PBXBuildFile; fileRef = 8C5CC0092BB38456004080B9 /* BreezyUITests.swift */; };
		8C5CC00C2BB38456004080B9 /* BreezyUITestsLaunchTests.swift in Sources */ = {isa = PBXBuildFile; fileRef = 8C5CC00B2BB38456004080B9 /* BreezyUITestsLaunchTests.swift */; };
		8C6BB5D22BD9C0E2000EF77A /* DescriptionCard.swift in Sources */ = {isa = PBXBuildFile; fileRef = 8C6BB5D12BD9C0E1000EF77A /* DescriptionCard.swift */; };
		8C6BB5D42BDAFB9A000EF77A /* HistoricalCard.swift in Sources */ = {isa = PBXBuildFile; fileRef = 8C6BB5D32BDAFB9A000EF77A /* HistoricalCard.swift */; };
		8C6BB5D62BDB14A0000EF77A /* Historical.swift in Sources */ = {isa = PBXBuildFile; fileRef = 8C6BB5D52BDB14A0000EF77A /* Historical.swift */; };
		8C6BB5D82BE45496000EF77A /* HistoricalButtonView.swift in Sources */ = {isa = PBXBuildFile; fileRef = 8C6BB5D72BE45496000EF77A /* HistoricalButtonView.swift */; };
		8C6BB5DE2BE47D8F000EF77A /* ChartCard.swift in Sources */ = {isa = PBXBuildFile; fileRef = 8C6BB5DD2BE47D8E000EF77A /* ChartCard.swift */; };
		8C6BB5E02BE483E9000EF77A /* HistoryDataViewModel.swift in Sources */ = {isa = PBXBuildFile; fileRef = 8C6BB5DF2BE483E9000EF77A /* HistoryDataViewModel.swift */; };
		8C6BB5E82BE49CA5000EF77A /* MockHistoryDataViewModel.swift in Sources */ = {isa = PBXBuildFile; fileRef = 8C6BB5E72BE49CA5000EF77A /* MockHistoryDataViewModel.swift */; };
		8C6BB5EB2BE6974C000EF77A /* GreetingView.swift in Sources */ = {isa = PBXBuildFile; fileRef = 8C6BB5EA2BE6974C000EF77A /* GreetingView.swift */; };
		8C6BB5ED2BE7F5DD000EF77A /* CustomBarMarkView.swift in Sources */ = {isa = PBXBuildFile; fileRef = 8C6BB5EC2BE7F5DD000EF77A /* CustomBarMarkView.swift */; };
		8C7B97792BB38650005A7712 /* AirQuality.swift in Sources */ = {isa = PBXBuildFile; fileRef = 8C7B97782BB38650005A7712 /* AirQuality.swift */; };
		8C7B977C2BB3B14D005A7712 /* NetworkManager.swift in Sources */ = {isa = PBXBuildFile; fileRef = 8C7B977B2BB3B14C005A7712 /* NetworkManager.swift */; };
		8C7B97832BB61FD0005A7712 /* AQViewModel.swift in Sources */ = {isa = PBXBuildFile; fileRef = 8C7B97822BB61FD0005A7712 /* AQViewModel.swift */; };
		8C7B97852BB62188005A7712 /* HomeView.swift in Sources */ = {isa = PBXBuildFile; fileRef = 8C7B97842BB62188005A7712 /* HomeView.swift */; };
		8C7B978E2BB67B08005A7712 /* LocationManager.swift in Sources */ = {isa = PBXBuildFile; fileRef = 8C7B978D2BB67B08005A7712 /* LocationManager.swift */; };
/* End PBXBuildFile section */

/* Begin PBXContainerItemProxy section */
		8C5CBFFC2BB38456004080B9 /* PBXContainerItemProxy */ = {
			isa = PBXContainerItemProxy;
			containerPortal = 8C5CBFE32BB38454004080B9 /* Project object */;
			proxyType = 1;
			remoteGlobalIDString = 8C5CBFEA2BB38454004080B9;
			remoteInfo = Breezy;
		};
		8C5CC0062BB38456004080B9 /* PBXContainerItemProxy */ = {
			isa = PBXContainerItemProxy;
			containerPortal = 8C5CBFE32BB38454004080B9 /* Project object */;
			proxyType = 1;
			remoteGlobalIDString = 8C5CBFEA2BB38454004080B9;
			remoteInfo = Breezy;
		};
/* End PBXContainerItemProxy section */

/* Begin PBXFileReference section */
		8C0C6B682BCC8524001738DA /* Placemark.swift */ = {isa = PBXFileReference; lastKnownFileType = sourcecode.swift; path = Placemark.swift; sourceTree = "<group>"; };
		8C0C6B6A2BCD9D5A001738DA /* PollutantTheme.swift */ = {isa = PBXFileReference; lastKnownFileType = sourcecode.swift; path = PollutantTheme.swift; sourceTree = "<group>"; };
		8C0C6B6E2BCDC143001738DA /* PollutantCard.swift */ = {isa = PBXFileReference; lastKnownFileType = sourcecode.swift; path = PollutantCard.swift; sourceTree = "<group>"; };
		8C0C6B702BCDD906001738DA /* PollutantSubCard.swift */ = {isa = PBXFileReference; lastKnownFileType = sourcecode.swift; path = PollutantSubCard.swift; sourceTree = "<group>"; };
		8C0C6B732BD1D5C1001738DA /* CustomProgressViewStyling.swift */ = {isa = PBXFileReference; lastKnownFileType = sourcecode.swift; path = CustomProgressViewStyling.swift; sourceTree = "<group>"; };
		8C0C6B762BD22B32001738DA /* HeaderLine.swift */ = {isa = PBXFileReference; lastKnownFileType = sourcecode.swift; path = HeaderLine.swift; sourceTree = "<group>"; };
		8C0C6B782BD2312A001738DA /* Popover.swift */ = {isa = PBXFileReference; lastKnownFileType = sourcecode.swift; path = Popover.swift; sourceTree = "<group>"; };
		8C0C6B7A2BD23209001738DA /* PollutantDescription.swift */ = {isa = PBXFileReference; lastKnownFileType = sourcecode.swift; path = PollutantDescription.swift; sourceTree = "<group>"; };
		8C0C6B7C2BD99076001738DA /* GaugeCard.swift */ = {isa = PBXFileReference; lastKnownFileType = sourcecode.swift; path = GaugeCard.swift; sourceTree = "<group>"; };
		8C0C6B7E2BD99D99001738DA /* ActivitiesView.swift */ = {isa = PBXFileReference; lastKnownFileType = sourcecode.swift; path = ActivitiesView.swift; sourceTree = "<group>"; };
		8C0C6B802BD99F81001738DA /* MockHomeViewModel.swift */ = {isa = PBXFileReference; lastKnownFileType = sourcecode.swift; path = MockHomeViewModel.swift; sourceTree = "<group>"; };
		8C0C6B832BD9B339001738DA /* PlaceCard.swift */ = {isa = PBXFileReference; lastKnownFileType = sourcecode.swift; path = PlaceCard.swift; sourceTree = "<group>"; };
		8C3073F52BB89F350031D69E /* resources.txt */ = {isa = PBXFileReference; lastKnownFileType = text; path = resources.txt; sourceTree = "<group>"; };
		8C5CBFEB2BB38454004080B9 /* Breezy.app */ = {isa = PBXFileReference; explicitFileType = wrapper.application; includeInIndex = 0; path = Breezy.app; sourceTree = BUILT_PRODUCTS_DIR; };
		8C5CBFEE2BB38454004080B9 /* BreezyApp.swift */ = {isa = PBXFileReference; lastKnownFileType = sourcecode.swift; path = BreezyApp.swift; sourceTree = "<group>"; };
		8C5CBFF02BB38454004080B9 /* ContentView.swift */ = {isa = PBXFileReference; lastKnownFileType = sourcecode.swift; path = ContentView.swift; sourceTree = "<group>"; };
		8C5CBFF22BB38456004080B9 /* Assets.xcassets */ = {isa = PBXFileReference; lastKnownFileType = folder.assetcatalog; path = Assets.xcassets; sourceTree = "<group>"; };
		8C5CBFF52BB38456004080B9 /* Preview Assets.xcassets */ = {isa = PBXFileReference; lastKnownFileType = folder.assetcatalog; path = "Preview Assets.xcassets"; sourceTree = "<group>"; };
		8C5CBFFB2BB38456004080B9 /* BreezyTests.xctest */ = {isa = PBXFileReference; explicitFileType = wrapper.cfbundle; includeInIndex = 0; path = BreezyTests.xctest; sourceTree = BUILT_PRODUCTS_DIR; };
		8C5CBFFF2BB38456004080B9 /* BreezyTests.swift */ = {isa = PBXFileReference; lastKnownFileType = sourcecode.swift; path = BreezyTests.swift; sourceTree = "<group>"; };
		8C5CC0052BB38456004080B9 /* BreezyUITests.xctest */ = {isa = PBXFileReference; explicitFileType = wrapper.cfbundle; includeInIndex = 0; path = BreezyUITests.xctest; sourceTree = BUILT_PRODUCTS_DIR; };
		8C5CC0092BB38456004080B9 /* BreezyUITests.swift */ = {isa = PBXFileReference; lastKnownFileType = sourcecode.swift; path = BreezyUITests.swift; sourceTree = "<group>"; };
		8C5CC00B2BB38456004080B9 /* BreezyUITestsLaunchTests.swift */ = {isa = PBXFileReference; lastKnownFileType = sourcecode.swift; path = BreezyUITestsLaunchTests.swift; sourceTree = "<group>"; };
		8C6BB5D12BD9C0E1000EF77A /* DescriptionCard.swift */ = {isa = PBXFileReference; lastKnownFileType = sourcecode.swift; path = DescriptionCard.swift; sourceTree = "<group>"; };
		8C6BB5D32BDAFB9A000EF77A /* HistoricalCard.swift */ = {isa = PBXFileReference; lastKnownFileType = sourcecode.swift; path = HistoricalCard.swift; sourceTree = "<group>"; };
		8C6BB5D52BDB14A0000EF77A /* Historical.swift */ = {isa = PBXFileReference; lastKnownFileType = sourcecode.swift; path = Historical.swift; sourceTree = "<group>"; };
		8C6BB5D72BE45496000EF77A /* HistoricalButtonView.swift */ = {isa = PBXFileReference; lastKnownFileType = sourcecode.swift; path = HistoricalButtonView.swift; sourceTree = "<group>"; };
		8C6BB5DD2BE47D8E000EF77A /* ChartCard.swift */ = {isa = PBXFileReference; lastKnownFileType = sourcecode.swift; path = ChartCard.swift; sourceTree = "<group>"; };
		8C6BB5DF2BE483E9000EF77A /* HistoryDataViewModel.swift */ = {isa = PBXFileReference; lastKnownFileType = sourcecode.swift; path = HistoryDataViewModel.swift; sourceTree = "<group>"; };
		8C6BB5E72BE49CA5000EF77A /* MockHistoryDataViewModel.swift */ = {isa = PBXFileReference; lastKnownFileType = sourcecode.swift; path = MockHistoryDataViewModel.swift; sourceTree = "<group>"; };
		8C6BB5EA2BE6974C000EF77A /* GreetingView.swift */ = {isa = PBXFileReference; lastKnownFileType = sourcecode.swift; path = GreetingView.swift; sourceTree = "<group>"; };
		8C6BB5EC2BE7F5DD000EF77A /* CustomBarMarkView.swift */ = {isa = PBXFileReference; lastKnownFileType = sourcecode.swift; path = CustomBarMarkView.swift; sourceTree = "<group>"; };
		8C7B97782BB38650005A7712 /* AirQuality.swift */ = {isa = PBXFileReference; lastKnownFileType = sourcecode.swift; path = AirQuality.swift; sourceTree = "<group>"; };
		8C7B977B2BB3B14C005A7712 /* NetworkManager.swift */ = {isa = PBXFileReference; lastKnownFileType = sourcecode.swift; path = NetworkManager.swift; sourceTree = "<group>"; };
		8C7B97822BB61FD0005A7712 /* AQViewModel.swift */ = {isa = PBXFileReference; lastKnownFileType = sourcecode.swift; path = AQViewModel.swift; sourceTree = "<group>"; };
		8C7B97842BB62188005A7712 /* HomeView.swift */ = {isa = PBXFileReference; lastKnownFileType = sourcecode.swift; path = HomeView.swift; sourceTree = "<group>"; };
		8C7B978D2BB67B08005A7712 /* LocationManager.swift */ = {isa = PBXFileReference; lastKnownFileType = sourcecode.swift; path = LocationManager.swift; sourceTree = "<group>"; };
/* End PBXFileReference section */

/* Begin PBXFrameworksBuildPhase section */
		8C5CBFE82BB38454004080B9 /* Frameworks */ = {
			isa = PBXFrameworksBuildPhase;
			buildActionMask = 2147483647;
			files = (
			);
			runOnlyForDeploymentPostprocessing = 0;
		};
		8C5CBFF82BB38456004080B9 /* Frameworks */ = {
			isa = PBXFrameworksBuildPhase;
			buildActionMask = 2147483647;
			files = (
			);
			runOnlyForDeploymentPostprocessing = 0;
		};
		8C5CC0022BB38456004080B9 /* Frameworks */ = {
			isa = PBXFrameworksBuildPhase;
			buildActionMask = 2147483647;
			files = (
			);
			runOnlyForDeploymentPostprocessing = 0;
		};
/* End PBXFrameworksBuildPhase section */

/* Begin PBXGroup section */
		8C0C6B722BD1D4DE001738DA /* CustomStyling */ = {
			isa = PBXGroup;
			children = (
				8C0C6B732BD1D5C1001738DA /* CustomProgressViewStyling.swift */,
			);
			path = CustomStyling;
			sourceTree = "<group>";
		};
		8C0C6B752BD22B1A001738DA /* ComponentViews */ = {
			isa = PBXGroup;
			children = (
				8C0C6B762BD22B32001738DA /* HeaderLine.swift */,
			);
			path = ComponentViews;
			sourceTree = "<group>";
		};
		8C0C6B822BD9A2D8001738DA /* CardViews */ = {
			isa = PBXGroup;
			children = (
				8C6BB5DC2BE45634000EF77A /* Description */,
				8C6BB5D92BE45604000EF77A /* Pollutants */,
				8C0C6B832BD9B339001738DA /* PlaceCard.swift */,
			);
			path = CardViews;
			sourceTree = "<group>";
		};
		8C5CBFE22BB38454004080B9 = {
			isa = PBXGroup;
			children = (
				8C5CBFED2BB38454004080B9 /* Breezy */,
				8C5CBFFE2BB38456004080B9 /* BreezyTests */,
				8C5CC0082BB38456004080B9 /* BreezyUITests */,
				8C5CBFEC2BB38454004080B9 /* Products */,
			);
			sourceTree = "<group>";
		};
		8C5CBFEC2BB38454004080B9 /* Products */ = {
			isa = PBXGroup;
			children = (
				8C5CBFEB2BB38454004080B9 /* Breezy.app */,
				8C5CBFFB2BB38456004080B9 /* BreezyTests.xctest */,
				8C5CC0052BB38456004080B9 /* BreezyUITests.xctest */,
			);
			name = Products;
			sourceTree = "<group>";
		};
		8C5CBFED2BB38454004080B9 /* Breezy */ = {
			isa = PBXGroup;
			children = (
				8C0C6B752BD22B1A001738DA /* ComponentViews */,
				8C0C6B722BD1D4DE001738DA /* CustomStyling */,
				8C7B977E2BB3CFEE005A7712 /* Home */,
				8C7B977A2BB3AFED005A7712 /* Services */,
				8C5CBFEE2BB38454004080B9 /* BreezyApp.swift */,
				8C5CBFF02BB38454004080B9 /* ContentView.swift */,
				8C5CBFF22BB38456004080B9 /* Assets.xcassets */,
				8C5CBFF42BB38456004080B9 /* Preview Content */,
				8C3073F52BB89F350031D69E /* resources.txt */,
			);
			path = Breezy;
			sourceTree = "<group>";
		};
		8C5CBFF42BB38456004080B9 /* Preview Content */ = {
			isa = PBXGroup;
			children = (
				8C5CBFF52BB38456004080B9 /* Preview Assets.xcassets */,
			);
			path = "Preview Content";
			sourceTree = "<group>";
		};
		8C5CBFFE2BB38456004080B9 /* BreezyTests */ = {
			isa = PBXGroup;
			children = (
				8C5CBFFF2BB38456004080B9 /* BreezyTests.swift */,
			);
			path = BreezyTests;
			sourceTree = "<group>";
		};
		8C5CC0082BB38456004080B9 /* BreezyUITests */ = {
			isa = PBXGroup;
			children = (
				8C5CC0092BB38456004080B9 /* BreezyUITests.swift */,
				8C5CC00B2BB38456004080B9 /* BreezyUITestsLaunchTests.swift */,
			);
			path = BreezyUITests;
			sourceTree = "<group>";
		};
		8C6BB5D92BE45604000EF77A /* Pollutants */ = {
			isa = PBXGroup;
			children = (
				8C0C6B7C2BD99076001738DA /* GaugeCard.swift */,
				8C0C6B6E2BCDC143001738DA /* PollutantCard.swift */,
				8C0C6B702BCDD906001738DA /* PollutantSubCard.swift */,
				8C0C6B782BD2312A001738DA /* Popover.swift */,
			);
			path = Pollutants;
			sourceTree = "<group>";
		};
		8C6BB5DC2BE45634000EF77A /* Description */ = {
			isa = PBXGroup;
			children = (
				8C6BB5D12BD9C0E1000EF77A /* DescriptionCard.swift */,
				8C0C6B7E2BD99D99001738DA /* ActivitiesView.swift */,
			);
			path = Description;
			sourceTree = "<group>";
		};
		8C6BB5E12BE49B86000EF77A /* Landing */ = {
			isa = PBXGroup;
			children = (
				8C6BB5E42BE49BFD000EF77A /* ViewModel */,
				8C6BB5E32BE49BF4000EF77A /* View */,
			);
			path = Landing;
			sourceTree = "<group>";
		};
		8C6BB5E22BE49BE8000EF77A /* History */ = {
			isa = PBXGroup;
			children = (
				8C6BB5E62BE49C19000EF77A /* ViewModel */,
				8C6BB5E52BE49C13000EF77A /* View */,
			);
			path = History;
			sourceTree = "<group>";
		};
		8C6BB5E32BE49BF4000EF77A /* View */ = {
			isa = PBXGroup;
			children = (
				8C0C6B822BD9A2D8001738DA /* CardViews */,
			);
			path = View;
			sourceTree = "<group>";
		};
		8C6BB5E42BE49BFD000EF77A /* ViewModel */ = {
			isa = PBXGroup;
			children = (
				8C7B97822BB61FD0005A7712 /* AQViewModel.swift */,
				8C0C6B802BD99F81001738DA /* MockHomeViewModel.swift */,
			);
			path = ViewModel;
			sourceTree = "<group>";
		};
		8C6BB5E52BE49C13000EF77A /* View */ = {
			isa = PBXGroup;
			children = (
				8C6BB5D72BE45496000EF77A /* HistoricalButtonView.swift */,
				8C6BB5D32BDAFB9A000EF77A /* HistoricalCard.swift */,
				8C6BB5DD2BE47D8E000EF77A /* ChartCard.swift */,
				8C6BB5EC2BE7F5DD000EF77A /* CustomBarMarkView.swift */,
			);
			path = View;
			sourceTree = "<group>";
		};
		8C6BB5E62BE49C19000EF77A /* ViewModel */ = {
			isa = PBXGroup;
			children = (
				8C6BB5DF2BE483E9000EF77A /* HistoryDataViewModel.swift */,
				8C6BB5E72BE49CA5000EF77A /* MockHistoryDataViewModel.swift */,
			);
			path = ViewModel;
			sourceTree = "<group>";
		};
		8C6BB5E92BE69736000EF77A /* Greeting */ = {
			isa = PBXGroup;
			children = (
				8C6BB5EA2BE6974C000EF77A /* GreetingView.swift */,
			);
			path = Greeting;
			sourceTree = "<group>";
		};
		8C7B97772BB3861D005A7712 /* Model */ = {
			isa = PBXGroup;
			children = (
				8C7B97782BB38650005A7712 /* AirQuality.swift */,
				8C0C6B682BCC8524001738DA /* Placemark.swift */,
				8C0C6B6A2BCD9D5A001738DA /* PollutantTheme.swift */,
				8C0C6B7A2BD23209001738DA /* PollutantDescription.swift */,
				8C6BB5D52BDB14A0000EF77A /* Historical.swift */,
			);
			path = Model;
			sourceTree = "<group>";
		};
		8C7B977A2BB3AFED005A7712 /* Services */ = {
			isa = PBXGroup;
			children = (
				8C7B977B2BB3B14C005A7712 /* NetworkManager.swift */,
				8C7B978D2BB67B08005A7712 /* LocationManager.swift */,
			);
			path = Services;
			sourceTree = "<group>";
		};
		8C7B977E2BB3CFEE005A7712 /* Home */ = {
			isa = PBXGroup;
			children = (
				8C6BB5E92BE69736000EF77A /* Greeting */,
				8C7B97842BB62188005A7712 /* HomeView.swift */,
				8C6BB5E22BE49BE8000EF77A /* History */,
				8C6BB5E12BE49B86000EF77A /* Landing */,
				8C7B97772BB3861D005A7712 /* Model */,
			);
			path = Home;
			sourceTree = "<group>";
		};
/* End PBXGroup section */

/* Begin PBXNativeTarget section */
		8C5CBFEA2BB38454004080B9 /* Breezy */ = {
			isa = PBXNativeTarget;
			buildConfigurationList = 8C5CC00F2BB38456004080B9 /* Build configuration list for PBXNativeTarget "Breezy" */;
			buildPhases = (
				8C5CBFE72BB38454004080B9 /* Sources */,
				8C5CBFE82BB38454004080B9 /* Frameworks */,
				8C5CBFE92BB38454004080B9 /* Resources */,
			);
			buildRules = (
			);
			dependencies = (
			);
			name = Breezy;
			productName = Breezy;
			productReference = 8C5CBFEB2BB38454004080B9 /* Breezy.app */;
			productType = "com.apple.product-type.application";
		};
		8C5CBFFA2BB38456004080B9 /* BreezyTests */ = {
			isa = PBXNativeTarget;
			buildConfigurationList = 8C5CC0122BB38456004080B9 /* Build configuration list for PBXNativeTarget "BreezyTests" */;
			buildPhases = (
				8C5CBFF72BB38456004080B9 /* Sources */,
				8C5CBFF82BB38456004080B9 /* Frameworks */,
				8C5CBFF92BB38456004080B9 /* Resources */,
			);
			buildRules = (
			);
			dependencies = (
				8C5CBFFD2BB38456004080B9 /* PBXTargetDependency */,
			);
			name = BreezyTests;
			productName = BreezyTests;
			productReference = 8C5CBFFB2BB38456004080B9 /* BreezyTests.xctest */;
			productType = "com.apple.product-type.bundle.unit-test";
		};
		8C5CC0042BB38456004080B9 /* BreezyUITests */ = {
			isa = PBXNativeTarget;
			buildConfigurationList = 8C5CC0152BB38456004080B9 /* Build configuration list for PBXNativeTarget "BreezyUITests" */;
			buildPhases = (
				8C5CC0012BB38456004080B9 /* Sources */,
				8C5CC0022BB38456004080B9 /* Frameworks */,
				8C5CC0032BB38456004080B9 /* Resources */,
			);
			buildRules = (
			);
			dependencies = (
				8C5CC0072BB38456004080B9 /* PBXTargetDependency */,
			);
			name = BreezyUITests;
			productName = BreezyUITests;
			productReference = 8C5CC0052BB38456004080B9 /* BreezyUITests.xctest */;
			productType = "com.apple.product-type.bundle.ui-testing";
		};
/* End PBXNativeTarget section */

/* Begin PBXProject section */
		8C5CBFE32BB38454004080B9 /* Project object */ = {
			isa = PBXProject;
			attributes = {
				BuildIndependentTargetsInParallel = 1;
				LastSwiftUpdateCheck = 1510;
				LastUpgradeCheck = 1510;
				TargetAttributes = {
					8C5CBFEA2BB38454004080B9 = {
						CreatedOnToolsVersion = 15.1;
					};
					8C5CBFFA2BB38456004080B9 = {
						CreatedOnToolsVersion = 15.1;
						TestTargetID = 8C5CBFEA2BB38454004080B9;
					};
					8C5CC0042BB38456004080B9 = {
						CreatedOnToolsVersion = 15.1;
						TestTargetID = 8C5CBFEA2BB38454004080B9;
					};
				};
			};
			buildConfigurationList = 8C5CBFE62BB38454004080B9 /* Build configuration list for PBXProject "Breezy" */;
			compatibilityVersion = "Xcode 14.0";
			developmentRegion = en;
			hasScannedForEncodings = 0;
			knownRegions = (
				en,
				Base,
			);
			mainGroup = 8C5CBFE22BB38454004080B9;
			productRefGroup = 8C5CBFEC2BB38454004080B9 /* Products */;
			projectDirPath = "";
			projectRoot = "";
			targets = (
				8C5CBFEA2BB38454004080B9 /* Breezy */,
				8C5CBFFA2BB38456004080B9 /* BreezyTests */,
				8C5CC0042BB38456004080B9 /* BreezyUITests */,
			);
		};
/* End PBXProject section */

/* Begin PBXResourcesBuildPhase section */
		8C5CBFE92BB38454004080B9 /* Resources */ = {
			isa = PBXResourcesBuildPhase;
			buildActionMask = 2147483647;
			files = (
				8C5CBFF62BB38456004080B9 /* Preview Assets.xcassets in Resources */,
				8C5CBFF32BB38456004080B9 /* Assets.xcassets in Resources */,
				8C3073F62BB89F350031D69E /* resources.txt in Resources */,
			);
			runOnlyForDeploymentPostprocessing = 0;
		};
		8C5CBFF92BB38456004080B9 /* Resources */ = {
			isa = PBXResourcesBuildPhase;
			buildActionMask = 2147483647;
			files = (
			);
			runOnlyForDeploymentPostprocessing = 0;
		};
		8C5CC0032BB38456004080B9 /* Resources */ = {
			isa = PBXResourcesBuildPhase;
			buildActionMask = 2147483647;
			files = (
			);
			runOnlyForDeploymentPostprocessing = 0;
		};
/* End PBXResourcesBuildPhase section */

/* Begin PBXSourcesBuildPhase section */
		8C5CBFE72BB38454004080B9 /* Sources */ = {
			isa = PBXSourcesBuildPhase;
			buildActionMask = 2147483647;
			files = (
				8C7B977C2BB3B14D005A7712 /* NetworkManager.swift in Sources */,
				8C0C6B7F2BD99D99001738DA /* ActivitiesView.swift in Sources */,
				8C0C6B6B2BCD9D5A001738DA /* PollutantTheme.swift in Sources */,
				8C0C6B842BD9B339001738DA /* PlaceCard.swift in Sources */,
				8C0C6B792BD2312A001738DA /* Popover.swift in Sources */,
				8C5CBFF12BB38454004080B9 /* ContentView.swift in Sources */,
				8C6BB5DE2BE47D8F000EF77A /* ChartCard.swift in Sources */,
				8C7B97792BB38650005A7712 /* AirQuality.swift in Sources */,
				8C6BB5ED2BE7F5DD000EF77A /* CustomBarMarkView.swift in Sources */,
				8C6BB5E02BE483E9000EF77A /* HistoryDataViewModel.swift in Sources */,
				8C0C6B742BD1D5C1001738DA /* CustomProgressViewStyling.swift in Sources */,
				8C0C6B692BCC8524001738DA /* Placemark.swift in Sources */,
				8C6BB5EB2BE6974C000EF77A /* GreetingView.swift in Sources */,
				8C6BB5E82BE49CA5000EF77A /* MockHistoryDataViewModel.swift in Sources */,
				8C0C6B7B2BD23209001738DA /* PollutantDescription.swift in Sources */,
				8C0C6B712BCDD906001738DA /* PollutantSubCard.swift in Sources */,
				8C6BB5D42BDAFB9A000EF77A /* HistoricalCard.swift in Sources */,
				8C7B97852BB62188005A7712 /* HomeView.swift in Sources */,
				8C0C6B812BD99F81001738DA /* MockHomeViewModel.swift in Sources */,
				8C7B97832BB61FD0005A7712 /* AQViewModel.swift in Sources */,
				8C6BB5D82BE45496000EF77A /* HistoricalButtonView.swift in Sources */,
				8C6BB5D62BDB14A0000EF77A /* Historical.swift in Sources */,
				8C7B978E2BB67B08005A7712 /* LocationManager.swift in Sources */,
				8C5CBFEF2BB38454004080B9 /* BreezyApp.swift in Sources */,
				8C0C6B6F2BCDC143001738DA /* PollutantCard.swift in Sources */,
				8C0C6B7D2BD99076001738DA /* GaugeCard.swift in Sources */,
				8C0C6B772BD22B32001738DA /* HeaderLine.swift in Sources */,
				8C6BB5D22BD9C0E2000EF77A /* DescriptionCard.swift in Sources */,
			);
			runOnlyForDeploymentPostprocessing = 0;
		};
		8C5CBFF72BB38456004080B9 /* Sources */ = {
			isa = PBXSourcesBuildPhase;
			buildActionMask = 2147483647;
			files = (
				8C5CC0002BB38456004080B9 /* BreezyTests.swift in Sources */,
			);
			runOnlyForDeploymentPostprocessing = 0;
		};
		8C5CC0012BB38456004080B9 /* Sources */ = {
			isa = PBXSourcesBuildPhase;
			buildActionMask = 2147483647;
			files = (
				8C5CC00A2BB38456004080B9 /* BreezyUITests.swift in Sources */,
				8C5CC00C2BB38456004080B9 /* BreezyUITestsLaunchTests.swift in Sources */,
			);
			runOnlyForDeploymentPostprocessing = 0;
		};
/* End PBXSourcesBuildPhase section */

/* Begin PBXTargetDependency section */
		8C5CBFFD2BB38456004080B9 /* PBXTargetDependency */ = {
			isa = PBXTargetDependency;
			target = 8C5CBFEA2BB38454004080B9 /* Breezy */;
			targetProxy = 8C5CBFFC2BB38456004080B9 /* PBXContainerItemProxy */;
		};
		8C5CC0072BB38456004080B9 /* PBXTargetDependency */ = {
			isa = PBXTargetDependency;
			target = 8C5CBFEA2BB38454004080B9 /* Breezy */;
			targetProxy = 8C5CC0062BB38456004080B9 /* PBXContainerItemProxy */;
		};
/* End PBXTargetDependency section */

/* Begin XCBuildConfiguration section */
		8C5CC00D2BB38456004080B9 /* Debug */ = {
			isa = XCBuildConfiguration;
			buildSettings = {
				ALWAYS_SEARCH_USER_PATHS = NO;
				ASSETCATALOG_COMPILER_GENERATE_SWIFT_ASSET_SYMBOL_EXTENSIONS = YES;
				CLANG_ANALYZER_NONNULL = YES;
				CLANG_ANALYZER_NUMBER_OBJECT_CONVERSION = YES_AGGRESSIVE;
				CLANG_CXX_LANGUAGE_STANDARD = "gnu++20";
				CLANG_ENABLE_MODULES = YES;
				CLANG_ENABLE_OBJC_ARC = YES;
				CLANG_ENABLE_OBJC_WEAK = YES;
				CLANG_WARN_BLOCK_CAPTURE_AUTORELEASING = YES;
				CLANG_WARN_BOOL_CONVERSION = YES;
				CLANG_WARN_COMMA = YES;
				CLANG_WARN_CONSTANT_CONVERSION = YES;
				CLANG_WARN_DEPRECATED_OBJC_IMPLEMENTATIONS = YES;
				CLANG_WARN_DIRECT_OBJC_ISA_USAGE = YES_ERROR;
				CLANG_WARN_DOCUMENTATION_COMMENTS = YES;
				CLANG_WARN_EMPTY_BODY = YES;
				CLANG_WARN_ENUM_CONVERSION = YES;
				CLANG_WARN_INFINITE_RECURSION = YES;
				CLANG_WARN_INT_CONVERSION = YES;
				CLANG_WARN_NON_LITERAL_NULL_CONVERSION = YES;
				CLANG_WARN_OBJC_IMPLICIT_RETAIN_SELF = YES;
				CLANG_WARN_OBJC_LITERAL_CONVERSION = YES;
				CLANG_WARN_OBJC_ROOT_CLASS = YES_ERROR;
				CLANG_WARN_QUOTED_INCLUDE_IN_FRAMEWORK_HEADER = YES;
				CLANG_WARN_RANGE_LOOP_ANALYSIS = YES;
				CLANG_WARN_STRICT_PROTOTYPES = YES;
				CLANG_WARN_SUSPICIOUS_MOVE = YES;
				CLANG_WARN_UNGUARDED_AVAILABILITY = YES_AGGRESSIVE;
				CLANG_WARN_UNREACHABLE_CODE = YES;
				CLANG_WARN__DUPLICATE_METHOD_MATCH = YES;
				COPY_PHASE_STRIP = NO;
				DEBUG_INFORMATION_FORMAT = dwarf;
				ENABLE_STRICT_OBJC_MSGSEND = YES;
				ENABLE_TESTABILITY = YES;
				ENABLE_USER_SCRIPT_SANDBOXING = YES;
				GCC_C_LANGUAGE_STANDARD = gnu17;
				GCC_DYNAMIC_NO_PIC = NO;
				GCC_NO_COMMON_BLOCKS = YES;
				GCC_OPTIMIZATION_LEVEL = 0;
				GCC_PREPROCESSOR_DEFINITIONS = (
					"DEBUG=1",
					"$(inherited)",
				);
				GCC_WARN_64_TO_32_BIT_CONVERSION = YES;
				GCC_WARN_ABOUT_RETURN_TYPE = YES_ERROR;
				GCC_WARN_UNDECLARED_SELECTOR = YES;
				GCC_WARN_UNINITIALIZED_AUTOS = YES_AGGRESSIVE;
				GCC_WARN_UNUSED_FUNCTION = YES;
				GCC_WARN_UNUSED_VARIABLE = YES;
				IPHONEOS_DEPLOYMENT_TARGET = 17.2;
				LOCALIZATION_PREFERS_STRING_CATALOGS = YES;
				MTL_ENABLE_DEBUG_INFO = INCLUDE_SOURCE;
				MTL_FAST_MATH = YES;
				ONLY_ACTIVE_ARCH = YES;
				SDKROOT = iphoneos;
				SWIFT_ACTIVE_COMPILATION_CONDITIONS = "DEBUG $(inherited)";
				SWIFT_OPTIMIZATION_LEVEL = "-Onone";
			};
			name = Debug;
		};
		8C5CC00E2BB38456004080B9 /* Release */ = {
			isa = XCBuildConfiguration;
			buildSettings = {
				ALWAYS_SEARCH_USER_PATHS = NO;
				ASSETCATALOG_COMPILER_GENERATE_SWIFT_ASSET_SYMBOL_EXTENSIONS = YES;
				CLANG_ANALYZER_NONNULL = YES;
				CLANG_ANALYZER_NUMBER_OBJECT_CONVERSION = YES_AGGRESSIVE;
				CLANG_CXX_LANGUAGE_STANDARD = "gnu++20";
				CLANG_ENABLE_MODULES = YES;
				CLANG_ENABLE_OBJC_ARC = YES;
				CLANG_ENABLE_OBJC_WEAK = YES;
				CLANG_WARN_BLOCK_CAPTURE_AUTORELEASING = YES;
				CLANG_WARN_BOOL_CONVERSION = YES;
				CLANG_WARN_COMMA = YES;
				CLANG_WARN_CONSTANT_CONVERSION = YES;
				CLANG_WARN_DEPRECATED_OBJC_IMPLEMENTATIONS = YES;
				CLANG_WARN_DIRECT_OBJC_ISA_USAGE = YES_ERROR;
				CLANG_WARN_DOCUMENTATION_COMMENTS = YES;
				CLANG_WARN_EMPTY_BODY = YES;
				CLANG_WARN_ENUM_CONVERSION = YES;
				CLANG_WARN_INFINITE_RECURSION = YES;
				CLANG_WARN_INT_CONVERSION = YES;
				CLANG_WARN_NON_LITERAL_NULL_CONVERSION = YES;
				CLANG_WARN_OBJC_IMPLICIT_RETAIN_SELF = YES;
				CLANG_WARN_OBJC_LITERAL_CONVERSION = YES;
				CLANG_WARN_OBJC_ROOT_CLASS = YES_ERROR;
				CLANG_WARN_QUOTED_INCLUDE_IN_FRAMEWORK_HEADER = YES;
				CLANG_WARN_RANGE_LOOP_ANALYSIS = YES;
				CLANG_WARN_STRICT_PROTOTYPES = YES;
				CLANG_WARN_SUSPICIOUS_MOVE = YES;
				CLANG_WARN_UNGUARDED_AVAILABILITY = YES_AGGRESSIVE;
				CLANG_WARN_UNREACHABLE_CODE = YES;
				CLANG_WARN__DUPLICATE_METHOD_MATCH = YES;
				COPY_PHASE_STRIP = NO;
				DEBUG_INFORMATION_FORMAT = "dwarf-with-dsym";
				ENABLE_NS_ASSERTIONS = NO;
				ENABLE_STRICT_OBJC_MSGSEND = YES;
				ENABLE_USER_SCRIPT_SANDBOXING = YES;
				GCC_C_LANGUAGE_STANDARD = gnu17;
				GCC_NO_COMMON_BLOCKS = YES;
				GCC_WARN_64_TO_32_BIT_CONVERSION = YES;
				GCC_WARN_ABOUT_RETURN_TYPE = YES_ERROR;
				GCC_WARN_UNDECLARED_SELECTOR = YES;
				GCC_WARN_UNINITIALIZED_AUTOS = YES_AGGRESSIVE;
				GCC_WARN_UNUSED_FUNCTION = YES;
				GCC_WARN_UNUSED_VARIABLE = YES;
				IPHONEOS_DEPLOYMENT_TARGET = 17.2;
				LOCALIZATION_PREFERS_STRING_CATALOGS = YES;
				MTL_ENABLE_DEBUG_INFO = NO;
				MTL_FAST_MATH = YES;
				SDKROOT = iphoneos;
				SWIFT_COMPILATION_MODE = wholemodule;
				VALIDATE_PRODUCT = YES;
			};
			name = Release;
		};
		8C5CC0102BB38456004080B9 /* Debug */ = {
			isa = XCBuildConfiguration;
			buildSettings = {
				ASSETCATALOG_COMPILER_APPICON_NAME = AppIcon;
				ASSETCATALOG_COMPILER_GLOBAL_ACCENT_COLOR_NAME = AccentColor;
				CODE_SIGN_STYLE = Automatic;
				CURRENT_PROJECT_VERSION = 1;
				DEVELOPMENT_ASSET_PATHS = "\"Breezy/Preview Content\"";
				DEVELOPMENT_TEAM = G9GA2SY6ZS;
				ENABLE_PREVIEWS = YES;
				GENERATE_INFOPLIST_FILE = YES;
				INFOPLIST_KEY_NSLocationAlwaysAndWhenInUseUsageDescription = "This app uses your current location to fetch the air quality data";
				INFOPLIST_KEY_NSLocationWhenInUseUsageDescription = "This app uses your current location to fetch the air quality data";
				INFOPLIST_KEY_UIApplicationSceneManifest_Generation = YES;
				INFOPLIST_KEY_UIApplicationSupportsIndirectInputEvents = YES;
				INFOPLIST_KEY_UILaunchScreen_Generation = YES;
				INFOPLIST_KEY_UISupportedInterfaceOrientations_iPad = "UIInterfaceOrientationPortrait UIInterfaceOrientationPortraitUpsideDown UIInterfaceOrientationLandscapeLeft UIInterfaceOrientationLandscapeRight";
				INFOPLIST_KEY_UISupportedInterfaceOrientations_iPhone = "UIInterfaceOrientationPortrait UIInterfaceOrientationLandscapeLeft UIInterfaceOrientationLandscapeRight";
				LD_RUNPATH_SEARCH_PATHS = (
					"$(inherited)",
					"@executable_path/Frameworks",
				);
				MARKETING_VERSION = 1.0;
				PRODUCT_BUNDLE_IDENTIFIER = li.kein.Breezy;
				PRODUCT_NAME = "$(TARGET_NAME)";
				SWIFT_EMIT_LOC_STRINGS = YES;
				SWIFT_VERSION = 5.0;
				TARGETED_DEVICE_FAMILY = "1,2";
			};
			name = Debug;
		};
		8C5CC0112BB38456004080B9 /* Release */ = {
			isa = XCBuildConfiguration;
			buildSettings = {
				ASSETCATALOG_COMPILER_APPICON_NAME = AppIcon;
				ASSETCATALOG_COMPILER_GLOBAL_ACCENT_COLOR_NAME = AccentColor;
				CODE_SIGN_STYLE = Automatic;
				CURRENT_PROJECT_VERSION = 1;
				DEVELOPMENT_ASSET_PATHS = "\"Breezy/Preview Content\"";
				DEVELOPMENT_TEAM = G9GA2SY6ZS;
				ENABLE_PREVIEWS = YES;
				GENERATE_INFOPLIST_FILE = YES;
				INFOPLIST_KEY_NSLocationAlwaysAndWhenInUseUsageDescription = "This app uses your current location to fetch the air quality data";
				INFOPLIST_KEY_NSLocationWhenInUseUsageDescription = "This app uses your current location to fetch the air quality data";
				INFOPLIST_KEY_UIApplicationSceneManifest_Generation = YES;
				INFOPLIST_KEY_UIApplicationSupportsIndirectInputEvents = YES;
				INFOPLIST_KEY_UILaunchScreen_Generation = YES;
				INFOPLIST_KEY_UISupportedInterfaceOrientations_iPad = "UIInterfaceOrientationPortrait UIInterfaceOrientationPortraitUpsideDown UIInterfaceOrientationLandscapeLeft UIInterfaceOrientationLandscapeRight";
				INFOPLIST_KEY_UISupportedInterfaceOrientations_iPhone = "UIInterfaceOrientationPortrait UIInterfaceOrientationLandscapeLeft UIInterfaceOrientationLandscapeRight";
				LD_RUNPATH_SEARCH_PATHS = (
					"$(inherited)",
					"@executable_path/Frameworks",
				);
				MARKETING_VERSION = 1.0;
				PRODUCT_BUNDLE_IDENTIFIER = li.kein.Breezy;
				PRODUCT_NAME = "$(TARGET_NAME)";
				SWIFT_EMIT_LOC_STRINGS = YES;
				SWIFT_VERSION = 5.0;
				TARGETED_DEVICE_FAMILY = "1,2";
			};
			name = Release;
		};
		8C5CC0132BB38456004080B9 /* Debug */ = {
			isa = XCBuildConfiguration;
			buildSettings = {
				ALWAYS_EMBED_SWIFT_STANDARD_LIBRARIES = YES;
				BUNDLE_LOADER = "$(TEST_HOST)";
				CODE_SIGN_STYLE = Automatic;
				CURRENT_PROJECT_VERSION = 1;
				DEVELOPMENT_TEAM = G9GA2SY6ZS;
				GENERATE_INFOPLIST_FILE = YES;
				IPHONEOS_DEPLOYMENT_TARGET = 17.2;
				MARKETING_VERSION = 1.0;
				PRODUCT_BUNDLE_IDENTIFIER = li.kein.BreezyTests;
				PRODUCT_NAME = "$(TARGET_NAME)";
				SWIFT_EMIT_LOC_STRINGS = NO;
				SWIFT_VERSION = 5.0;
				TARGETED_DEVICE_FAMILY = "1,2";
				TEST_HOST = "$(BUILT_PRODUCTS_DIR)/Breezy.app/$(BUNDLE_EXECUTABLE_FOLDER_PATH)/Breezy";
			};
			name = Debug;
		};
		8C5CC0142BB38456004080B9 /* Release */ = {
			isa = XCBuildConfiguration;
			buildSettings = {
				ALWAYS_EMBED_SWIFT_STANDARD_LIBRARIES = YES;
				BUNDLE_LOADER = "$(TEST_HOST)";
				CODE_SIGN_STYLE = Automatic;
				CURRENT_PROJECT_VERSION = 1;
				DEVELOPMENT_TEAM = G9GA2SY6ZS;
				GENERATE_INFOPLIST_FILE = YES;
				IPHONEOS_DEPLOYMENT_TARGET = 17.2;
				MARKETING_VERSION = 1.0;
				PRODUCT_BUNDLE_IDENTIFIER = li.kein.BreezyTests;
				PRODUCT_NAME = "$(TARGET_NAME)";
				SWIFT_EMIT_LOC_STRINGS = NO;
				SWIFT_VERSION = 5.0;
				TARGETED_DEVICE_FAMILY = "1,2";
				TEST_HOST = "$(BUILT_PRODUCTS_DIR)/Breezy.app/$(BUNDLE_EXECUTABLE_FOLDER_PATH)/Breezy";
			};
			name = Release;
		};
		8C5CC0162BB38456004080B9 /* Debug */ = {
			isa = XCBuildConfiguration;
			buildSettings = {
				ALWAYS_EMBED_SWIFT_STANDARD_LIBRARIES = YES;
				CODE_SIGN_STYLE = Automatic;
				CURRENT_PROJECT_VERSION = 1;
				DEVELOPMENT_TEAM = G9GA2SY6ZS;
				GENERATE_INFOPLIST_FILE = YES;
				MARKETING_VERSION = 1.0;
				PRODUCT_BUNDLE_IDENTIFIER = li.kein.BreezyUITests;
				PRODUCT_NAME = "$(TARGET_NAME)";
				SWIFT_EMIT_LOC_STRINGS = NO;
				SWIFT_VERSION = 5.0;
				TARGETED_DEVICE_FAMILY = "1,2";
				TEST_TARGET_NAME = Breezy;
			};
			name = Debug;
		};
		8C5CC0172BB38456004080B9 /* Release */ = {
			isa = XCBuildConfiguration;
			buildSettings = {
				ALWAYS_EMBED_SWIFT_STANDARD_LIBRARIES = YES;
				CODE_SIGN_STYLE = Automatic;
				CURRENT_PROJECT_VERSION = 1;
				DEVELOPMENT_TEAM = G9GA2SY6ZS;
				GENERATE_INFOPLIST_FILE = YES;
				MARKETING_VERSION = 1.0;
				PRODUCT_BUNDLE_IDENTIFIER = li.kein.BreezyUITests;
				PRODUCT_NAME = "$(TARGET_NAME)";
				SWIFT_EMIT_LOC_STRINGS = NO;
				SWIFT_VERSION = 5.0;
				TARGETED_DEVICE_FAMILY = "1,2";
				TEST_TARGET_NAME = Breezy;
			};
			name = Release;
		};
/* End XCBuildConfiguration section */

/* Begin XCConfigurationList section */
		8C5CBFE62BB38454004080B9 /* Build configuration list for PBXProject "Breezy" */ = {
			isa = XCConfigurationList;
			buildConfigurations = (
				8C5CC00D2BB38456004080B9 /* Debug */,
				8C5CC00E2BB38456004080B9 /* Release */,
			);
			defaultConfigurationIsVisible = 0;
			defaultConfigurationName = Release;
		};
		8C5CC00F2BB38456004080B9 /* Build configuration list for PBXNativeTarget "Breezy" */ = {
			isa = XCConfigurationList;
			buildConfigurations = (
				8C5CC0102BB38456004080B9 /* Debug */,
				8C5CC0112BB38456004080B9 /* Release */,
			);
			defaultConfigurationIsVisible = 0;
			defaultConfigurationName = Release;
		};
		8C5CC0122BB38456004080B9 /* Build configuration list for PBXNativeTarget "BreezyTests" */ = {
			isa = XCConfigurationList;
			buildConfigurations = (
				8C5CC0132BB38456004080B9 /* Debug */,
				8C5CC0142BB38456004080B9 /* Release */,
			);
			defaultConfigurationIsVisible = 0;
			defaultConfigurationName = Release;
		};
		8C5CC0152BB38456004080B9 /* Build configuration list for PBXNativeTarget "BreezyUITests" */ = {
			isa = XCConfigurationList;
			buildConfigurations = (
				8C5CC0162BB38456004080B9 /* Debug */,
				8C5CC0172BB38456004080B9 /* Release */,
			);
			defaultConfigurationIsVisible = 0;
			defaultConfigurationName = Release;
		};
/* End XCConfigurationList section */
	};
	rootObject = 8C5CBFE32BB38454004080B9 /* Project object */;
}
